
Microsoft Visual Studio Solution File, Format Version 12.00
# Visual Studio 15
VisualStudioVersion = 15.0.26228.52
MinimumVisualStudioVersion = 10.0.40219.1
Project("{FAE04EC0-301F-11D3-BF4B-00C04F79EFBC}") = "SportsStore.Domain", "SportsStore.Domain\SportsStore.Domain.csproj", "{6F27AB0D-B7B7-459E-BAF8-6B75ED978366}"
EndProject
Project("{FAE04EC0-301F-11D3-BF4B-00C04F79EFBC}") = "SportsStore.WebUI", "SportsStore.WebUI\SportsStore.WebUI.csproj", "{45AC665C-AAAF-4064-9CCC-CBE2240583D7}"
EndProject
Project("{FAE04EC0-301F-11D3-BF4B-00C04F79EFBC}") = "SportsStore.UnitTests", "SportsStore.UnitTests\SportsStore.UnitTests.csproj", "{317BCBC2-0FB2-4EA8-B2EE-6400AF475B7B}"
EndProject
Global
	GlobalSection(SolutionConfigurationPlatforms) = preSolution
		Debug|Any CPU = Debug|Any CPU
		Release|Any CPU = Release|Any CPU
	EndGlobalSection
	GlobalSection(ProjectConfigurationPlatforms) = postSolution
		{6F27AB0D-B7B7-459E-BAF8-6B75ED978366}.Debug|Any CPU.ActiveCfg = Debug|Any CPU
		{6F27AB0D-B7B7-459E-BAF8-6B75ED978366}.Debug|Any CPU.Build.0 = Debug|Any CPU
		{6F27AB0D-B7B7-459E-BAF8-6B75ED978366}.Release|Any CPU.ActiveCfg = Release|Any CPU
		{6F27AB0D-B7B7-459E-BAF8-6B75ED978366}.Release|Any CPU.Build.0 = Release|Any CPU
		{45AC665C-AAAF-4064-9CCC-CBE2240583D7}.Debug|Any CPU.ActiveCfg = Debug|Any CPU
		{45AC665C-AAAF-4064-9CCC-CBE2240583D7}.Debug|Any CPU.Build.0 = Debug|Any CPU
		{45AC665C-AAAF-4064-9CCC-CBE2240583D7}.Release|Any CPU.ActiveCfg = Release|Any CPU
		{45AC665C-AAAF-4064-9CCC-CBE2240583D7}.Release|Any CPU.Build.0 = Release|Any CPU
		{317BCBC2-0FB2-4EA8-B2EE-6400AF475B7B}.Debug|Any CPU.ActiveCfg = Debug|Any CPU
		{317BCBC2-0FB2-4EA8-B2EE-6400AF475B7B}.Debug|Any CPU.Build.0 = Debug|Any CPU
		{317BCBC2-0FB2-4EA8-B2EE-6400AF475B7B}.Release|Any CPU.ActiveCfg = Release|Any CPU
		{317BCBC2-0FB2-4EA8-B2EE-6400AF475B7B}.Release|Any CPU.Build.0 = Release|Any CPU
	EndGlobalSection
	GlobalSection(SolutionProperties) = preSolution
		HideSolutionNode = FALSE
	EndGlobalSection
EndGlobal
